
Microsoft Visual Studio Solution File, Format Version 12.00
# Visual Studio Version 16
VisualStudioVersion = 16.0.29230.47
MinimumVisualStudioVersion = 10.0.40219.1
Project("{FAE04EC0-301F-11D3-BF4B-00C04F79EFBC}") = "SmoBL", "SmoBL\SmoBL.csproj", "{88C8615E-50CF-43A1-AB9E-615539749291}"
EndProject
Project("{FAE04EC0-301F-11D3-BF4B-00C04F79EFBC}") = "SmoUI", "SmoUI\SmoUI.csproj", "{2381A41C-C758-4749-882C-9ED929AE32C1}"
EndProject
Project("{2150E333-8FDC-42A3-9474-1A3956D46DE8}") = "Solution Items", "Solution Items", "{E71111B7-98E5-4238-A393-375F353FFEBE}"
	ProjectSection(SolutionItems) = preProject
		TODO.cs = TODO.cs
	EndProjectSection
EndProject
Global
	GlobalSection(SolutionConfigurationPlatforms) = preSolution
		Debug|Any CPU = Debug|Any CPU
		Release|Any CPU = Release|Any CPU
	EndGlobalSection
	GlobalSection(ProjectConfigurationPlatforms) = postSolution
		{88C8615E-50CF-43A1-AB9E-615539749291}.Debug|Any CPU.ActiveCfg = Debug|Any CPU
		{88C8615E-50CF-43A1-AB9E-615539749291}.Debug|Any CPU.Build.0 = Debug|Any CPU
		{88C8615E-50CF-43A1-AB9E-615539749291}.Release|Any CPU.ActiveCfg = Release|Any CPU
		{88C8615E-50CF-43A1-AB9E-615539749291}.Release|Any CPU.Build.0 = Release|Any CPU
		{2381A41C-C758-4749-882C-9ED929AE32C1}.Debug|Any CPU.ActiveCfg = Debug|Any CPU
		{2381A41C-C758-4749-882C-9ED929AE32C1}.Debug|Any CPU.Build.0 = Debug|Any CPU
		{2381A41C-C758-4749-882C-9ED929AE32C1}.Release|Any CPU.ActiveCfg = Release|Any CPU
		{2381A41C-C758-4749-882C-9ED929AE32C1}.Release|Any CPU.Build.0 = Release|Any CPU
	EndGlobalSection
	GlobalSection(SolutionProperties) = preSolution
		HideSolutionNode = FALSE
	EndGlobalSection
	GlobalSection(ExtensibilityGlobals) = postSolution
		SolutionGuid = {F915A302-A3BE-4C6E-A232-3B225E3FA3B6}
	EndGlobalSection
EndGlobal
